{
    "_readme": [
        "This file locks the dependencies of your project to a known state",
        "Read more about it at https://getcomposer.org/doc/01-basic-usage.md#composer-lock-the-lock-file",
        "This file is @generated automatically"
    ],
    "content-hash": "eb3929e9951ce8cfcecb6b19304f1a0a",
    "packages": [
        {
            "name": "1stpaygateway/rest-gateway-php",
            "version": "dev-master",
            "source": {
                "type": "git",
                "url": "https://github.com/adixon/rest-gateway-php.git",
                "reference": "d24c1c9af479a09885437d186d2498b508b27f5c"
            },
            "dist": {
                "type": "zip",
                "url": "https://api.github.com/repos/adixon/rest-gateway-php/zipball/d24c1c9af479a09885437d186d2498b508b27f5c",
                "reference": "d24c1c9af479a09885437d186d2498b508b27f5c",
                "shasum": ""
            },
            "type": "library",
            "support": {
                "source": "https://github.com/adixon/rest-gateway-php/tree/master"
            },
            "time": "2018-03-08T22:33:24+00:00"
        }
    ],
    "packages-dev": [],
    "aliases": [],
    "minimum-stability": "stable",
    "stability-flags": {
        "1stpaygateway/rest-gateway-php": 20
    },
    "prefer-stable": false,
    "prefer-lowest": false,
    "platform": [],
    "platform-dev": []
}
